
Microsoft Visual Studio Solution File, Format Version 12.00
# Visual Studio Version 16
VisualStudioVersion = 16.0.32106.194
MinimumVisualStudioVersion = 10.0.40219.1
Project("{FAE04EC0-301F-11D3-BF4B-00C04F79EFBC}") = "VPN Unlimited parody", "VPN Unlimited parody.csproj", "{9CA0A00D-754A-4CEE-9F1C-7E8E892A3F90}"
EndProject
Global
	GlobalSection(SolutionConfigurationPlatforms) = preSolution
		Debug|Any CPU = Debug|Any CPU
		Release|Any CPU = Release|Any CPU
	EndGlobalSection
	GlobalSection(ProjectConfigurationPlatforms) = postSolution
		{9CA0A00D-754A-4CEE-9F1C-7E8E892A3F90}.Debug|Any CPU.ActiveCfg = Debug|Any CPU
		{9CA0A00D-754A-4CEE-9F1C-7E8E892A3F90}.Debug|Any CPU.Build.0 = Debug|Any CPU
		{9CA0A00D-754A-4CEE-9F1C-7E8E892A3F90}.Release|Any CPU.ActiveCfg = Release|Any CPU
		{9CA0A00D-754A-4CEE-9F1C-7E8E892A3F90}.Release|Any CPU.Build.0 = Release|Any CPU
	EndGlobalSection
	GlobalSection(SolutionProperties) = preSolution
		HideSolutionNode = FALSE
	EndGlobalSection
	GlobalSection(ExtensibilityGlobals) = postSolution
		SolutionGuid = {AA09C3B4-9C0B-4690-82BE-D9DBAD025E6A}
	EndGlobalSection
EndGlobal
